{
  "requires": true,
  "lockfileVersion": 1,
  "dependencies": {
    "@stripe/stripe-js": {
      "version": "1.9.0",
      "resolved": "https://registry.npmjs.org/@stripe/stripe-js/-/stripe-js-1.9.0.tgz",
      "integrity": "sha512-/8+zfeRHlsEsxj0qmq9qbrnyF3fx+r97sDxfv7kqOyZFUFzC7DBwQwZlmss6XiV3ez5vz1G1QIjEW29PmLmsAw=="
    },
    "@types/node": {
      "version": "14.11.2",
      "resolved": "https://registry.npmjs.org/@types/node/-/node-14.11.2.tgz",
      "integrity": "sha512-jiE3QIxJ8JLNcb1Ps6rDbysDhN4xa8DJJvuC9prr6w+1tIh+QAbYyNF3tyiZNLDBIuBCf4KEcV2UvQm/V60xfA=="
    },
    "base64url": {
      "version": "3.0.1",
      "resolved": "https://registry.npmjs.org/base64url/-/base64url-3.0.1.tgz",
      "integrity": "sha512-ir1UPr3dkwexU7FdV8qBBbNDRUhMmIekYMFZfi+C/sLNnRESKPl23nB9b2pltqfOQNnGzsDdId90AEtG5tCx4A=="
    },
    "oauth": {
      "version": "0.9.15",
      "resolved": "https://registry.npmjs.org/oauth/-/oauth-0.9.15.tgz",
      "integrity": "sha1-vR/vr2hslrdUda7VGWQS/2DPucE="
    },
    "passport-github": {
      "version": "1.1.0",
      "resolved": "https://registry.npmjs.org/passport-github/-/passport-github-1.1.0.tgz",
      "integrity": "sha1-jOHj/NYa11eOsd9ZWDnkrqEjVdQ=",
      "requires": {
        "passport-oauth2": "1.x.x"
      }
    },
    "passport-github2": {
      "version": "0.1.12",
      "resolved": "https://registry.npmjs.org/passport-github2/-/passport-github2-0.1.12.tgz",
      "integrity": "sha512-3nPUCc7ttF/3HSP/k9sAXjz3SkGv5Nki84I05kSQPo01Jqq1NzJACgMblCK0fGcv9pKCG/KXU3AJRDGLqHLoIw==",
      "requires": {
        "passport-oauth2": "1.x.x"
      },
      "dependencies": {
        "base64url": {
          "version": "3.0.1",
          "resolved": "https://registry.npmjs.org/base64url/-/base64url-3.0.1.tgz",
          "integrity": "sha512-ir1UPr3dkwexU7FdV8qBBbNDRUhMmIekYMFZfi+C/sLNnRESKPl23nB9b2pltqfOQNnGzsDdId90AEtG5tCx4A=="
        },
        "oauth": {
          "version": "0.9.15",
          "resolved": "https://registry.npmjs.org/oauth/-/oauth-0.9.15.tgz",
          "integrity": "sha1-vR/vr2hslrdUda7VGWQS/2DPucE="
        },
        "passport-oauth2": {
          "version": "1.5.0",
          "resolved": "https://registry.npmjs.org/passport-oauth2/-/passport-oauth2-1.5.0.tgz",
          "integrity": "sha512-kqBt6vR/5VlCK8iCx1/KpY42kQ+NEHZwsSyt4Y6STiNjU+wWICG1i8ucc1FapXDGO15C5O5VZz7+7vRzrDPXXQ==",
          "requires": {
            "base64url": "3.x.x",
            "oauth": "0.9.x",
            "passport-strategy": "1.x.x",
            "uid2": "0.0.x",
            "utils-merge": "1.x.x"
          }
        },
        "passport-strategy": {
          "version": "1.0.0",
          "resolved": "https://registry.npmjs.org/passport-strategy/-/passport-strategy-1.0.0.tgz",
          "integrity": "sha1-tVOaqPwiWj0a0XlHbd8ja0QPUuQ="
        },
        "uid2": {
          "version": "0.0.3",
          "resolved": "https://registry.npmjs.org/uid2/-/uid2-0.0.3.tgz",
          "integrity": "sha1-SDEm4Rd03y9xuLY53NeZw3YWK4I="
        },
        "utils-merge": {
          "version": "1.0.1",
          "resolved": "https://registry.npmjs.org/utils-merge/-/utils-merge-1.0.1.tgz",
          "integrity": "sha1-n5VxD1CiZ5R7LMwSR0HBAoQn5xM="
        }
      }
    },
    "passport-oauth2": {
      "version": "1.5.0",
      "resolved": "https://registry.npmjs.org/passport-oauth2/-/passport-oauth2-1.5.0.tgz",
      "integrity": "sha512-kqBt6vR/5VlCK8iCx1/KpY42kQ+NEHZwsSyt4Y6STiNjU+wWICG1i8ucc1FapXDGO15C5O5VZz7+7vRzrDPXXQ==",
      "requires": {
        "base64url": "3.x.x",
        "oauth": "0.9.x",
        "passport-strategy": "1.x.x",
        "uid2": "0.0.x",
        "utils-merge": "1.x.x"
      }
    },
    "passport-strategy": {
      "version": "1.0.0",
      "resolved": "https://registry.npmjs.org/passport-strategy/-/passport-strategy-1.0.0.tgz",
      "integrity": "sha1-tVOaqPwiWj0a0XlHbd8ja0QPUuQ="
    },
    "qs": {
      "version": "6.9.4",
      "resolved": "https://registry.npmjs.org/qs/-/qs-6.9.4.tgz",
      "integrity": "sha512-A1kFqHekCTM7cz0udomYUoYNWjBebHm/5wzU/XqrBRBNWectVH0QIiN+NEcZ0Dte5hvzHwbr8+XQmguPhJ6WdQ=="
    },
    "stripe": {
      "version": "8.107.0",
      "resolved": "https://registry.npmjs.org/stripe/-/stripe-8.107.0.tgz",
      "integrity": "sha512-K0CJUK+f9EJKPys6u3NjO3juFb95q16R7yWGCIUgBLIEh1Vbhk3sp56A4EXSMepIflO9P4C9T67TlPb5fzGn7Q==",
      "requires": {
        "@types/node": ">=8.1.0",
        "qs": "^6.6.0"
      }
    },
    "uid2": {
      "version": "0.0.3",
      "resolved": "https://registry.npmjs.org/uid2/-/uid2-0.0.3.tgz",
      "integrity": "sha1-SDEm4Rd03y9xuLY53NeZw3YWK4I="
    },
    "utils-merge": {
      "version": "1.0.1",
      "resolved": "https://registry.npmjs.org/utils-merge/-/utils-merge-1.0.1.tgz",
      "integrity": "sha1-n5VxD1CiZ5R7LMwSR0HBAoQn5xM="
    }
  }
}
